// !$*UTF8*$!
{
	archiveVersion = 1;
	classes = {
	};
	objectVersion = 50;
	objects = {

/* Begin PBXBuildFile section */
		223D5BC6237FE9F800FAD64E /* AppDelegate.swift in Sources */ = {isa = PBXBuildFile; fileRef = 223D5BC5237FE9F800FAD64E /* AppDelegate.swift */; };
		223D5BC8237FE9F800FAD64E /* SceneDelegate.swift in Sources */ = {isa = PBXBuildFile; fileRef = 223D5BC7237FE9F800FAD64E /* SceneDelegate.swift */; };
		223D5BCA237FE9F800FAD64E /* ContentView.swift in Sources */ = {isa = PBXBuildFile; fileRef = 223D5BC9237FE9F800FAD64E /* ContentView.swift */; };
		223D5BCC237FE9FC00FAD64E /* Assets.xcassets in Resources */ = {isa = PBXBuildFile; fileRef = 223D5BCB237FE9FC00FAD64E /* Assets.xcassets */; };
		223D5BCF237FE9FC00FAD64E /* Preview Assets.xcassets in Resources */ = {isa = PBXBuildFile; fileRef = 223D5BCE237FE9FC00FAD64E /* Preview Assets.xcassets */; };
		223D5BD2237FE9FC00FAD64E /* LaunchScreen.storyboard in Resources */ = {isa = PBXBuildFile; fileRef = 223D5BD0237FE9FC00FAD64E /* LaunchScreen.storyboard */; };
		223D5BDD237FE9FC00FAD64E /* DoneButtonKeyboardTests.swift in Sources */ = {isa = PBXBuildFile; fileRef = 223D5BDC237FE9FC00FAD64E /* DoneButtonKeyboardTests.swift */; };
		223D5BEE237FEDE400FAD64E /* CustomTextField.swift in Sources */ = {isa = PBXBuildFile; fileRef = 223D5BED237FEDE400FAD64E /* CustomTextField.swift */; };
		223D5BF0237FF02C00FAD64E /* UITextField+Extensions.swift in Sources */ = {isa = PBXBuildFile; fileRef = 223D5BEF237FF02C00FAD64E /* UITextField+Extensions.swift */; };
/* End PBXBuildFile section */

/* Begin PBXContainerItemProxy section */
		223D5BD9237FE9FC00FAD64E /* PBXContainerItemProxy */ = {
			isa = PBXContainerItemProxy;
			containerPortal = 223D5BBA237FE9F800FAD64E /* Project object */;
			proxyType = 1;
			remoteGlobalIDString = 223D5BC1237FE9F800FAD64E;
			remoteInfo = DoneButtonKeyboard;
		};
/* End PBXContainerItemProxy section */

/* Begin PBXFileReference section */
		22359B4D2380DE91009D9AF3 /* README.md */ = {isa = PBXFileReference; lastKnownFileType = net.daringfireball.markdown; path = README.md; sourceTree = "<group>"; };
		223D5BC2237FE9F800FAD64E /* DoneButtonKeyboard.app */ = {isa = PBXFileReference; explicitFileType = wrapper.application; includeInIndex = 0; path = DoneButtonKeyboard.app; sourceTree = BUILT_PRODUCTS_DIR; };
		223D5BC5237FE9F800FAD64E /* AppDelegate.swift */ = {isa = PBXFileReference; lastKnownFileType = sourcecode.swift; path = AppDelegate.swift; sourceTree = "<group>"; };
		223D5BC7237FE9F800FAD64E /* SceneDelegate.swift */ = {isa = PBXFileReference; lastKnownFileType = sourcecode.swift; path = SceneDelegate.swift; sourceTree = "<group>"; };
		223D5BC9237FE9F800FAD64E /* ContentView.swift */ = {isa = PBXFileReference; lastKnownFileType = sourcecode.swift; path = ContentView.swift; sourceTree = "<group>"; };
		223D5BCB237FE9FC00FAD64E /* Assets.xcassets */ = {isa = PBXFileReference; lastKnownFileType = folder.assetcatalog; path = Assets.xcassets; sourceTree = "<group>"; };
		223D5BCE237FE9FC00FAD64E /* Preview Assets.xcassets */ = {isa = PBXFileReference; lastKnownFileType = folder.assetcatalog; path = "Preview Assets.xcassets"; sourceTree = "<group>"; };
		223D5BD1237FE9FC00FAD64E /* Base */ = {isa = PBXFileReference; lastKnownFileType = file.storyboard; name = Base; path = Base.lproj/LaunchScreen.storyboard; sourceTree = "<group>"; };
		223D5BD3237FE9FC00FAD64E /* Info.plist */ = {isa = PBXFileReference; lastKnownFileType = text.plist.xml; path = Info.plist; sourceTree = "<group>"; };
		223D5BD8237FE9FC00FAD64E /* DoneButtonKeyboardTests.xctest */ = {isa = PBXFileReference; explicitFileType = wrapper.cfbundle; includeInIndex = 0; path = DoneButtonKeyboardTests.xctest; sourceTree = BUILT_PRODUCTS_DIR; };
		223D5BDC237FE9FC00FAD64E /* DoneButtonKeyboardTests.swift */ = {isa = PBXFileReference; lastKnownFileType = sourcecode.swift; path = DoneButtonKeyboardTests.swift; sourceTree = "<group>"; };
		223D5BDE237FE9FC00FAD64E /* Info.plist */ = {isa = PBXFileReference; lastKnownFileType = text.plist.xml; path = Info.plist; sourceTree = "<group>"; };
		223D5BED237FEDE400FAD64E /* CustomTextField.swift */ = {isa = PBXFileReference; lastKnownFileType = sourcecode.swift; path = CustomTextField.swift; sourceTree = "<group>"; };
		223D5BEF237FF02C00FAD64E /* UITextField+Extensions.swift */ = {isa = PBXFileReference; lastKnownFileType = sourcecode.swift; path = "UITextField+Extensions.swift"; sourceTree = "<group>"; };
/* End PBXFileReference section */

/* Begin PBXFrameworksBuildPhase section */
		223D5BBF237FE9F800FAD64E /* Frameworks */ = {
			isa = PBXFrameworksBuildPhase;
			buildActionMask = 2147483647;
			files = (
			);
			runOnlyForDeploymentPostprocessing = 0;
		};
		223D5BD5237FE9FC00FAD64E /* Frameworks */ = {
			isa = PBXFrameworksBuildPhase;
			buildActionMask = 2147483647;
			files = (
			);
			runOnlyForDeploymentPostprocessing = 0;
		};
/* End PBXFrameworksBuildPhase section */

/* Begin PBXGroup section */
		223D5BB9237FE9F800FAD64E = {
			isa = PBXGroup;
			children = (
				22359B4D2380DE91009D9AF3 /* README.md */,
				223D5BC4237FE9F800FAD64E /* DoneButtonKeyboard */,
				223D5BDB237FE9FC00FAD64E /* DoneButtonKeyboardTests */,
				223D5BC3237FE9F800FAD64E /* Products */,
			);
			sourceTree = "<group>";
		};
		223D5BC3237FE9F800FAD64E /* Products */ = {
			isa = PBXGroup;
			children = (
				223D5BC2237FE9F800FAD64E /* DoneButtonKeyboard.app */,
				223D5BD8237FE9FC00FAD64E /* DoneButtonKeyboardTests.xctest */,
			);
			name = Products;
			sourceTree = "<group>";
		};
		223D5BC4237FE9F800FAD64E /* DoneButtonKeyboard */ = {
			isa = PBXGroup;
			children = (
				223D5BC5237FE9F800FAD64E /* AppDelegate.swift */,
				223D5BC7237FE9F800FAD64E /* SceneDelegate.swift */,
				223D5BC9237FE9F800FAD64E /* ContentView.swift */,
				223D5BCB237FE9FC00FAD64E /* Assets.xcassets */,
				223D5BED237FEDE400FAD64E /* CustomTextField.swift */,
				223D5BEF237FF02C00FAD64E /* UITextField+Extensions.swift */,
				223D5BD0237FE9FC00FAD64E /* LaunchScreen.storyboard */,
				223D5BD3237FE9FC00FAD64E /* Info.plist */,
				223D5BCD237FE9FC00FAD64E /* Preview Content */,
			);
			path = DoneButtonKeyboard;
			sourceTree = "<group>";
		};
		223D5BCD237FE9FC00FAD64E /* Preview Content */ = {
			isa = PBXGroup;
			children = (
				223D5BCE237FE9FC00FAD64E /* Preview Assets.xcassets */,
			);
			path = "Preview Content";
			sourceTree = "<group>";
		};
		223D5BDB237FE9FC00FAD64E /* DoneButtonKeyboardTests */ = {
			isa = PBXGroup;
			children = (
				223D5BDC237FE9FC00FAD64E /* DoneButtonKeyboardTests.swift */,
				223D5BDE237FE9FC00FAD64E /* Info.plist */,
			);
			path = DoneButtonKeyboardTests;
			sourceTree = "<group>";
		};
/* End PBXGroup section */

/* Begin PBXNativeTarget section */
		223D5BC1237FE9F800FAD64E /* DoneButtonKeyboard */ = {
			isa = PBXNativeTarget;
			buildConfigurationList = 223D5BE1237FE9FC00FAD64E /* Build configuration list for PBXNativeTarget "DoneButtonKeyboard" */;
			buildPhases = (
				223D5BBE237FE9F800FAD64E /* Sources */,
				223D5BBF237FE9F800FAD64E /* Frameworks */,
				223D5BC0237FE9F800FAD64E /* Resources */,
			);
			buildRules = (
			);
			dependencies = (
			);
			name = DoneButtonKeyboard;
			productName = DoneButtonKeyboard;
			productReference = 223D5BC2237FE9F800FAD64E /* DoneButtonKeyboard.app */;
			productType = "com.apple.product-type.application";
		};
		223D5BD7237FE9FC00FAD64E /* DoneButtonKeyboardTests */ = {
			isa = PBXNativeTarget;
			buildConfigurationList = 223D5BE4237FE9FC00FAD64E /* Build configuration list for PBXNativeTarget "DoneButtonKeyboardTests" */;
			buildPhases = (
				223D5BD4237FE9FC00FAD64E /* Sources */,
				223D5BD5237FE9FC00FAD64E /* Frameworks */,
				223D5BD6237FE9FC00FAD64E /* Resources */,
			);
			buildRules = (
			);
			dependencies = (
				223D5BDA237FE9FC00FAD64E /* PBXTargetDependency */,
			);
			name = DoneButtonKeyboardTests;
			productName = DoneButtonKeyboardTests;
			productReference = 223D5BD8237FE9FC00FAD64E /* DoneButtonKeyboardTests.xctest */;
			productType = "com.apple.product-type.bundle.unit-test";
		};
/* End PBXNativeTarget section */

/* Begin PBXProject section */
		223D5BBA237FE9F800FAD64E /* Project object */ = {
			isa = PBXProject;
			attributes = {
				LastSwiftUpdateCheck = 1120;
				LastUpgradeCheck = 1120;
				ORGANIZATIONNAME = "Alexander Emery";
				TargetAttributes = {
					223D5BC1237FE9F800FAD64E = {
						CreatedOnToolsVersion = 11.2;
					};
					223D5BD7237FE9FC00FAD64E = {
						CreatedOnToolsVersion = 11.2;
						TestTargetID = 223D5BC1237FE9F800FAD64E;
					};
				};
			};
			buildConfigurationList = 223D5BBD237FE9F800FAD64E /* Build configuration list for PBXProject "DoneButtonKeyboard" */;
			compatibilityVersion = "Xcode 9.3";
			developmentRegion = en;
			hasScannedForEncodings = 0;
			knownRegions = (
				en,
				Base,
			);
			mainGroup = 223D5BB9237FE9F800FAD64E;
			productRefGroup = 223D5BC3237FE9F800FAD64E /* Products */;
			projectDirPath = "";
			projectRoot = "";
			targets = (
				223D5BC1237FE9F800FAD64E /* DoneButtonKeyboard */,
				223D5BD7237FE9FC00FAD64E /* DoneButtonKeyboardTests */,
			);
		};
/* End PBXProject section */

/* Begin PBXResourcesBuildPhase section */
		223D5BC0237FE9F800FAD64E /* Resources */ = {
			isa = PBXResourcesBuildPhase;
			buildActionMask = 2147483647;
			files = (
				223D5BD2237FE9FC00FAD64E /* LaunchScreen.storyboard in Resources */,
				223D5BCF237FE9FC00FAD64E /* Preview Assets.xcassets in Resources */,
				223D5BCC237FE9FC00FAD64E /* Assets.xcassets in Resources */,
			);
			runOnlyForDeploymentPostprocessing = 0;
		};
		223D5BD6237FE9FC00FAD64E /* Resources */ = {
			isa = PBXResourcesBuildPhase;
			buildActionMask = 2147483647;
			files = (
			);
			runOnlyForDeploymentPostprocessing = 0;
		};
/* End PBXResourcesBuildPhase section */

/* Begin PBXSourcesBuildPhase section */
		223D5BBE237FE9F800FAD64E /* Sources */ = {
			isa = PBXSourcesBuildPhase;
			buildActionMask = 2147483647;
			files = (
				223D5BEE237FEDE400FAD64E /* CustomTextField.swift in Sources */,
				223D5BC6237FE9F800FAD64E /* AppDelegate.swift in Sources */,
				223D5BC8237FE9F800FAD64E /* SceneDelegate.swift in Sources */,
				223D5BF0237FF02C00FAD64E /* UITextField+Extensions.swift in Sources */,
				223D5BCA237FE9F800FAD64E /* ContentView.swift in Sources */,
			);
			runOnlyForDeploymentPostprocessing = 0;
		};
		223D5BD4237FE9FC00FAD64E /* Sources */ = {
			isa = PBXSourcesBuildPhase;
			buildActionMask = 2147483647;
			files = (
				223D5BDD237FE9FC00FAD64E /* DoneButtonKeyboardTests.swift in Sources */,
			);
			runOnlyForDeploymentPostprocessing = 0;
		};
/* End PBXSourcesBuildPhase section */

/* Begin PBXTargetDependency section */
		223D5BDA237FE9FC00FAD64E /* PBXTargetDependency */ = {
			isa = PBXTargetDependency;
			target = 223D5BC1237FE9F800FAD64E /* DoneButtonKeyboard */;
			targetProxy = 223D5BD9237FE9FC00FAD64E /* PBXContainerItemProxy */;
		};
/* End PBXTargetDependency section */

/* Begin PBXVariantGroup section */
		223D5BD0237FE9FC00FAD64E /* LaunchScreen.storyboard */ = {
			isa = PBXVariantGroup;
			children = (
				223D5BD1237FE9FC00FAD64E /* Base */,
			);
			name = LaunchScreen.storyboard;
			sourceTree = "<group>";
		};
/* End PBXVariantGroup section */

/* Begin XCBuildConfiguration section */
		223D5BDF237FE9FC00FAD64E /* Debug */ = {
			isa = XCBuildConfiguration;
			buildSettings = {
				ALWAYS_SEARCH_USER_PATHS = NO;
				CLANG_ANALYZER_NONNULL = YES;
				CLANG_ANALYZER_NUMBER_OBJECT_CONVERSION = YES_AGGRESSIVE;
				CLANG_CXX_LANGUAGE_STANDARD = "gnu++14";
				CLANG_CXX_LIBRARY = "libc++";
				CLANG_ENABLE_MODULES = YES;
				CLANG_ENABLE_OBJC_ARC = YES;
				CLANG_ENABLE_OBJC_WEAK = YES;
				CLANG_WARN_BLOCK_CAPTURE_AUTORELEASING = YES;
				CLANG_WARN_BOOL_CONVERSION = YES;
				CLANG_WARN_COMMA = YES;
				CLANG_WARN_CONSTANT_CONVERSION = YES;
				CLANG_WARN_DEPRECATED_OBJC_IMPLEMENTATIONS = YES;
				CLANG_WARN_DIRECT_OBJC_ISA_USAGE = YES_ERROR;
				CLANG_WARN_DOCUMENTATION_COMMENTS = YES;
				CLANG_WARN_EMPTY_BODY = YES;
				CLANG_WARN_ENUM_CONVERSION = YES;
				CLANG_WARN_INFINITE_RECURSION = YES;
				CLANG_WARN_INT_CONVERSION = YES;
				CLANG_WARN_NON_LITERAL_NULL_CONVERSION = YES;
				CLANG_WARN_OBJC_IMPLICIT_RETAIN_SELF = YES;
				CLANG_WARN_OBJC_LITERAL_CONVERSION = YES;
				CLANG_WARN_OBJC_ROOT_CLASS = YES_ERROR;
				CLANG_WARN_RANGE_LOOP_ANALYSIS = YES;
				CLANG_WARN_STRICT_PROTOTYPES = YES;
				CLANG_WARN_SUSPICIOUS_MOVE = YES;
				CLANG_WARN_UNGUARDED_AVAILABILITY = YES_AGGRESSIVE;
				CLANG_WARN_UNREACHABLE_CODE = YES;
				CLANG_WARN__DUPLICATE_METHOD_MATCH = YES;
				COPY_PHASE_STRIP = NO;
				DEBUG_INFORMATION_FORMAT = dwarf;
				ENABLE_STRICT_OBJC_MSGSEND = YES;
				ENABLE_TESTABILITY = YES;
				GCC_C_LANGUAGE_STANDARD = gnu11;
				GCC_DYNAMIC_NO_PIC = NO;
				GCC_NO_COMMON_BLOCKS = YES;
				GCC_OPTIMIZATION_LEVEL = 0;
				GCC_PREPROCESSOR_DEFINITIONS = (
					"DEBUG=1",
					"$(inherited)",
				);
				GCC_WARN_64_TO_32_BIT_CONVERSION = YES;
				GCC_WARN_ABOUT_RETURN_TYPE = YES_ERROR;
				GCC_WARN_UNDECLARED_SELECTOR = YES;
				GCC_WARN_UNINITIALIZED_AUTOS = YES_AGGRESSIVE;
				GCC_WARN_UNUSED_FUNCTION = YES;
				GCC_WARN_UNUSED_VARIABLE = YES;
				IPHONEOS_DEPLOYMENT_TARGET = 13.2;
				MTL_ENABLE_DEBUG_INFO = INCLUDE_SOURCE;
				MTL_FAST_MATH = YES;
				ONLY_ACTIVE_ARCH = YES;
				SDKROOT = iphoneos;
				SWIFT_ACTIVE_COMPILATION_CONDITIONS = DEBUG;
				SWIFT_OPTIMIZATION_LEVEL = "-Onone";
			};
			name = Debug;
		};
		223D5BE0237FE9FC00FAD64E /* Release */ = {
			isa = XCBuildConfiguration;
			buildSettings = {
				ALWAYS_SEARCH_USER_PATHS = NO;
				CLANG_ANALYZER_NONNULL = YES;
				CLANG_ANALYZER_NUMBER_OBJECT_CONVERSION = YES_AGGRESSIVE;
				CLANG_CXX_LANGUAGE_STANDARD = "gnu++14";
				CLANG_CXX_LIBRARY = "libc++";
				CLANG_ENABLE_MODULES = YES;
				CLANG_ENABLE_OBJC_ARC = YES;
				CLANG_ENABLE_OBJC_WEAK = YES;
				CLANG_WARN_BLOCK_CAPTURE_AUTORELEASING = YES;
				CLANG_WARN_BOOL_CONVERSION = YES;
				CLANG_WARN_COMMA = YES;
				CLANG_WARN_CONSTANT_CONVERSION = YES;
				CLANG_WARN_DEPRECATED_OBJC_IMPLEMENTATIONS = YES;
				CLANG_WARN_DIRECT_OBJC_ISA_USAGE = YES_ERROR;
				CLANG_WARN_DOCUMENTATION_COMMENTS = YES;
				CLANG_WARN_EMPTY_BODY = YES;
				CLANG_WARN_ENUM_CONVERSION = YES;
				CLANG_WARN_INFINITE_RECURSION = YES;
				CLANG_WARN_INT_CONVERSION = YES;
				CLANG_WARN_NON_LITERAL_NULL_CONVERSION = YES;
				CLANG_WARN_OBJC_IMPLICIT_RETAIN_SELF = YES;
				CLANG_WARN_OBJC_LITERAL_CONVERSION = YES;
				CLANG_WARN_OBJC_ROOT_CLASS = YES_ERROR;
				CLANG_WARN_RANGE_LOOP_ANALYSIS = YES;
				CLANG_WARN_STRICT_PROTOTYPES = YES;
				CLANG_WARN_SUSPICIOUS_MOVE = YES;
				CLANG_WARN_UNGUARDED_AVAILABILITY = YES_AGGRESSIVE;
				CLANG_WARN_UNREACHABLE_CODE = YES;
				CLANG_WARN__DUPLICATE_METHOD_MATCH = YES;
				COPY_PHASE_STRIP = NO;
				DEBUG_INFORMATION_FORMAT = "dwarf-with-dsym";
				ENABLE_NS_ASSERTIONS = NO;
				ENABLE_STRICT_OBJC_MSGSEND = YES;
				GCC_C_LANGUAGE_STANDARD = gnu11;
				GCC_NO_COMMON_BLOCKS = YES;
				GCC_WARN_64_TO_32_BIT_CONVERSION = YES;
				GCC_WARN_ABOUT_RETURN_TYPE = YES_ERROR;
				GCC_WARN_UNDECLARED_SELECTOR = YES;
				GCC_WARN_UNINITIALIZED_AUTOS = YES_AGGRESSIVE;
				GCC_WARN_UNUSED_FUNCTION = YES;
				GCC_WARN_UNUSED_VARIABLE = YES;
				IPHONEOS_DEPLOYMENT_TARGET = 13.2;
				MTL_ENABLE_DEBUG_INFO = NO;
				MTL_FAST_MATH = YES;
				SDKROOT = iphoneos;
				SWIFT_COMPILATION_MODE = wholemodule;
				SWIFT_OPTIMIZATION_LEVEL = "-O";
				VALIDATE_PRODUCT = YES;
			};
			name = Release;
		};
		223D5BE2237FE9FC00FAD64E /* Debug */ = {
			isa = XCBuildConfiguration;
			buildSettings = {
				ASSETCATALOG_COMPILER_APPICON_NAME = AppIcon;
				CODE_SIGN_STYLE = Automatic;
				DEVELOPMENT_ASSET_PATHS = "\"DoneButtonKeyboard/Preview Content\"";
				DEVELOPMENT_TEAM = 42ZJZ7S65L;
				ENABLE_PREVIEWS = YES;
				INFOPLIST_FILE = DoneButtonKeyboard/Info.plist;
				IPHONEOS_DEPLOYMENT_TARGET = 13.0;
				LD_RUNPATH_SEARCH_PATHS = (
					"$(inherited)",
					"@executable_path/Frameworks",
				);
				PRODUCT_BUNDLE_IDENTIFIER = xyz.xanderle.DoneButtonKeyboard;
				PRODUCT_NAME = "$(TARGET_NAME)";
				SWIFT_VERSION = 5.0;
				TARGETED_DEVICE_FAMILY = "1,2";
			};
			name = Debug;
		};
		223D5BE3237FE9FC00FAD64E /* Release */ = {
			isa = XCBuildConfiguration;
			buildSettings = {
				ASSETCATALOG_COMPILER_APPICON_NAME = AppIcon;
				CODE_SIGN_STYLE = Automatic;
				DEVELOPMENT_ASSET_PATHS = "\"DoneButtonKeyboard/Preview Content\"";
				DEVELOPMENT_TEAM = 42ZJZ7S65L;
				ENABLE_PREVIEWS = YES;
				INFOPLIST_FILE = DoneButtonKeyboard/Info.plist;
				IPHONEOS_DEPLOYMENT_TARGET = 13.0;
				LD_RUNPATH_SEARCH_PATHS = (
					"$(inherited)",
					"@executable_path/Frameworks",
				);
				PRODUCT_BUNDLE_IDENTIFIER = xyz.xanderle.DoneButtonKeyboard;
				PRODUCT_NAME = "$(TARGET_NAME)";
				SWIFT_VERSION = 5.0;
				TARGETED_DEVICE_FAMILY = "1,2";
			};
			name = Release;
		};
		223D5BE5237FE9FC00FAD64E /* Debug */ = {
			isa = XCBuildConfiguration;
			buildSettings = {
				ALWAYS_EMBED_SWIFT_STANDARD_LIBRARIES = YES;
				BUNDLE_LOADER = "$(TEST_HOST)";
				CODE_SIGN_STYLE = Automatic;
				DEVELOPMENT_TEAM = 42ZJZ7S65L;
				INFOPLIST_FILE = DoneButtonKeyboardTests/Info.plist;
				IPHONEOS_DEPLOYMENT_TARGET = 13.2;
				LD_RUNPATH_SEARCH_PATHS = (
					"$(inherited)",
					"@executable_path/Frameworks",
					"@loader_path/Frameworks",
				);
				PRODUCT_BUNDLE_IDENTIFIER = xyz.xanderle.DoneButtonKeyboardTests;
				PRODUCT_NAME = "$(TARGET_NAME)";
				SWIFT_VERSION = 5.0;
				TARGETED_DEVICE_FAMILY = "1,2";
				TEST_HOST = "$(BUILT_PRODUCTS_DIR)/DoneButtonKeyboard.app/DoneButtonKeyboard";
			};
			name = Debug;
		};
		223D5BE6237FE9FC00FAD64E /* Release */ = {
			isa = XCBuildConfiguration;
			buildSettings = {
				ALWAYS_EMBED_SWIFT_STANDARD_LIBRARIES = YES;
				BUNDLE_LOADER = "$(TEST_HOST)";
				CODE_SIGN_STYLE = Automatic;
				DEVELOPMENT_TEAM = 42ZJZ7S65L;
				INFOPLIST_FILE = DoneButtonKeyboardTests/Info.plist;
				IPHONEOS_DEPLOYMENT_TARGET = 13.2;
				LD_RUNPATH_SEARCH_PATHS = (
					"$(inherited)",
					"@executable_path/Frameworks",
					"@loader_path/Frameworks",
				);
				PRODUCT_BUNDLE_IDENTIFIER = xyz.xanderle.DoneButtonKeyboardTests;
				PRODUCT_NAME = "$(TARGET_NAME)";
				SWIFT_VERSION = 5.0;
				TARGETED_DEVICE_FAMILY = "1,2";
				TEST_HOST = "$(BUILT_PRODUCTS_DIR)/DoneButtonKeyboard.app/DoneButtonKeyboard";
			};
			name = Release;
		};
/* End XCBuildConfiguration section */

/* Begin XCConfigurationList section */
		223D5BBD237FE9F800FAD64E /* Build configuration list for PBXProject "DoneButtonKeyboard" */ = {
			isa = XCConfigurationList;
			buildConfigurations = (
				223D5BDF237FE9FC00FAD64E /* Debug */,
				223D5BE0237FE9FC00FAD64E /* Release */,
			);
			defaultConfigurationIsVisible = 0;
			defaultConfigurationName = Release;
		};
		223D5BE1237FE9FC00FAD64E /* Build configuration list for PBXNativeTarget "DoneButtonKeyboard" */ = {
			isa = XCConfigurationList;
			buildConfigurations = (
				223D5BE2237FE9FC00FAD64E /* Debug */,
				223D5BE3237FE9FC00FAD64E /* Release */,
			);
			defaultConfigurationIsVisible = 0;
			defaultConfigurationName = Release;
		};
		223D5BE4237FE9FC00FAD64E /* Build configuration list for PBXNativeTarget "DoneButtonKeyboardTests" */ = {
			isa = XCConfigurationList;
			buildConfigurations = (
				223D5BE5237FE9FC00FAD64E /* Debug */,
				223D5BE6237FE9FC00FAD64E /* Release */,
			);
			defaultConfigurationIsVisible = 0;
			defaultConfigurationName = Release;
		};
/* End XCConfigurationList section */
	};
	rootObject = 223D5BBA237FE9F800FAD64E /* Project object */;
}
